<?xml version="1.0" encoding="utf-8"?>
<Project ToolsVersion="4.0" xmlns="http://schemas.microsoft.com/developer/msbuild/2003">
  <ItemGroup>
    <ClCompile Include="Source\jenova.cpp" />
  </ItemGroup>
  <ItemGroup>
    <Filter Include="Resources">
      <UniqueIdentifier>{93b07def-781b-47eb-837c-0d403d2567f9}</UniqueIdentifier>
    </Filter>
    <Filter Include="Misc">
      <UniqueIdentifier>{5a5b3670-1e7b-4168-9275-0726cfa49e0e}</UniqueIdentifier>
    </Filter>
    <Filter Include="Resources\Storage">
      <UniqueIdentifier>{2b4efd82-3d90-44ca-ab35-a9269625828f}</UniqueIdentifier>
    </Filter>
    <Filter Include="Core">
      <UniqueIdentifier>{b60540e3-4a20-4dc2-bb38-7e5d4cb2b657}</UniqueIdentifier>
    </Filter>
    <Filter Include="Core\Engine">
      <UniqueIdentifier>{84fa0f04-3783-4208-be24-eaa1f69f68c3}</UniqueIdentifier>
    </Filter>
    <Filter Include="Core\Engine\C++">
      <UniqueIdentifier>{4ce67dbc-ae4b-49e7-94ee-b8c09b55edb3}</UniqueIdentifier>
    </Filter>
    <Filter Include="Core\Engine\Clektron">
      <UniqueIdentifier>{e8057c48-d73d-4eb7-9483-37a7cf8c82f8}</UniqueIdentifier>
    </Filter>
  </ItemGroup>
  <ItemGroup>
    <ClInclude Include="Source\Jenova.hpp" />
    <ClInclude Include="Source\AboutImage.h">
      <Filter>Resources\Storage</Filter>
    </ClInclude>
    <ClInclude Include="Source\BuiltinFonts.h">
      <Filter>Resources\Storage</Filter>
    </ClInclude>
    <ClInclude Include="Source\CodeTemplates.h">
      <Filter>Resources\Storage</Filter>
    </ClInclude>
    <ClInclude Include="Source\TypesIcons.h">
      <Filter>Resources\Storage</Filter>
    </ClInclude>
    <ClInclude Include="Source\Documentation.h">
      <Filter>Resources\Storage</Filter>
    </ClInclude>
    <ClInclude Include="Source\IconDatabase.h">
      <Filter>Resources\Storage</Filter>
    </ClInclude>
    <ClInclude Include="Source\JenovaIcon64.h">
      <Filter>Resources\Storage</Filter>
    </ClInclude>
    <ClInclude Include="Source\VisualStudioTemplates.h">
      <Filter>Resources\Storage</Filter>
    </ClInclude>
    <ClInclude Include="Source\ExtensionHosts.h">
      <Filter>Resources\Storage</Filter>
    </ClInclude>
    <ClInclude Include="Source\InternalModules.h">
      <Filter>Resources\Storage</Filter>
    </ClInclude>
    <ClInclude Include="Source\InternalSources.h">
      <Filter>Resources\Storage</Filter>
    </ClInclude>
  </ItemGroup>
  <ItemGroup>
    <ResourceCompile Include="Jenova.Runtime.rc">
      <Filter>Resources</Filter>
    </ResourceCompile>
  </ItemGroup>
  <ItemGroup>
    <None Include="Jenova.Runtime.gdextension">
      <Filter>Misc</Filter>
    </None>
  </ItemGroup>
</Project>